
Microsoft Visual Studio Solution File, Format Version 12.00
# Visual Studio Version 17
VisualStudioVersion = 17.10.35013.160
MinimumVisualStudioVersion = 10.0.40219.1
Project("{FAE04EC0-301F-11D3-BF4B-00C04F79EFBC}") = "Exo_Animalerie", "Exo_Animalerie\Exo_Animalerie.csproj", "{2B4F6840-9FCC-4D27-9F78-311742FEA4D4}"
EndProject
Project("{FAE04EC0-301F-11D3-BF4B-00C04F79EFBC}") = "Exo_Animalerie.Models", "Exo_Animalerie.Models\Exo_Animalerie.Models.csproj", "{3AE38C67-C258-4733-8DB8-E3D29B2FD300}"
EndProject
Global
	GlobalSection(SolutionConfigurationPlatforms) = preSolution
		Debug|Any CPU = Debug|Any CPU
		Release|Any CPU = Release|Any CPU
	EndGlobalSection
	GlobalSection(ProjectConfigurationPlatforms) = postSolution
		{2B4F6840-9FCC-4D27-9F78-311742FEA4D4}.Debug|Any CPU.ActiveCfg = Debug|Any CPU
		{2B4F6840-9FCC-4D27-9F78-311742FEA4D4}.Debug|Any CPU.Build.0 = Debug|Any CPU
		{2B4F6840-9FCC-4D27-9F78-311742FEA4D4}.Release|Any CPU.ActiveCfg = Release|Any CPU
		{2B4F6840-9FCC-4D27-9F78-311742FEA4D4}.Release|Any CPU.Build.0 = Release|Any CPU
		{3AE38C67-C258-4733-8DB8-E3D29B2FD300}.Debug|Any CPU.ActiveCfg = Debug|Any CPU
		{3AE38C67-C258-4733-8DB8-E3D29B2FD300}.Debug|Any CPU.Build.0 = Debug|Any CPU
		{3AE38C67-C258-4733-8DB8-E3D29B2FD300}.Release|Any CPU.ActiveCfg = Release|Any CPU
		{3AE38C67-C258-4733-8DB8-E3D29B2FD300}.Release|Any CPU.Build.0 = Release|Any CPU
	EndGlobalSection
	GlobalSection(SolutionProperties) = preSolution
		HideSolutionNode = FALSE
	EndGlobalSection
	GlobalSection(ExtensibilityGlobals) = postSolution
		SolutionGuid = {B594CD67-79BF-4385-B42F-4843544A3BB2}
	EndGlobalSection
EndGlobal
